
Microsoft Visual Studio Solution File, Format Version 12.00
# Visual Studio 15
VisualStudioVersion = 15.0.28010.2003
MinimumVisualStudioVersion = 10.0.40219.1
Project("{8BC9CEB8-8B4A-11D0-8D11-00A0C91BC942}") = "fundamentos", "fundamentos.vcxproj", "{A17D8F55-74ED-4161-89CC-1BA84D19895D}"
EndProject
Global
	GlobalSection(SolutionConfigurationPlatforms) = preSolution
		Debug|x64 = Debug|x64
		Debug|x86 = Debug|x86
		Release|x64 = Release|x64
		Release|x86 = Release|x86
	EndGlobalSection
	GlobalSection(ProjectConfigurationPlatforms) = postSolution
		{A17D8F55-74ED-4161-89CC-1BA84D19895D}.Debug|x64.ActiveCfg = Debug|x64
		{A17D8F55-74ED-4161-89CC-1BA84D19895D}.Debug|x64.Build.0 = Debug|x64
		{A17D8F55-74ED-4161-89CC-1BA84D19895D}.Debug|x86.ActiveCfg = Debug|Win32
		{A17D8F55-74ED-4161-89CC-1BA84D19895D}.Debug|x86.Build.0 = Debug|Win32
		{A17D8F55-74ED-4161-89CC-1BA84D19895D}.Release|x64.ActiveCfg = Release|x64
		{A17D8F55-74ED-4161-89CC-1BA84D19895D}.Release|x64.Build.0 = Release|x64
		{A17D8F55-74ED-4161-89CC-1BA84D19895D}.Release|x86.ActiveCfg = Release|Win32
		{A17D8F55-74ED-4161-89CC-1BA84D19895D}.Release|x86.Build.0 = Release|Win32
	EndGlobalSection
	GlobalSection(SolutionProperties) = preSolution
		HideSolutionNode = FALSE
	EndGlobalSection
	GlobalSection(ExtensibilityGlobals) = postSolution
		SolutionGuid = {5BA8077A-9129-43D9-BACB-D25D1F81E397}
	EndGlobalSection
EndGlobal
